// !$*UTF8*$!
{
	archiveVersion = 1;
	classes = {
	};
	objectVersion = 50;
	objects = {

/* Begin PBXBuildFile section */
		D4BCF07624A4F6C600B72895 /* AppDelegate.m in Sources */ = {isa = PBXBuildFile; fileRef = D4BCF07524A4F6C600B72895 /* AppDelegate.m */; };
		D4BCF07924A4F6C600B72895 /* SceneDelegate.m in Sources */ = {isa = PBXBuildFile; fileRef = D4BCF07824A4F6C600B72895 /* SceneDelegate.m */; };
		D4BCF07C24A4F6C600B72895 /* ViewController.m in Sources */ = {isa = PBXBuildFile; fileRef = D4BCF07B24A4F6C600B72895 /* ViewController.m */; };
		D4BCF07F24A4F6C600B72895 /* Main.storyboard in Resources */ = {isa = PBXBuildFile; fileRef = D4BCF07D24A4F6C600B72895 /* Main.storyboard */; };
		D4BCF08124A4F6C700B72895 /* Assets.xcassets in Resources */ = {isa = PBXBuildFile; fileRef = D4BCF08024A4F6C700B72895 /* Assets.xcassets */; };
		D4BCF08424A4F6C700B72895 /* LaunchScreen.storyboard in Resources */ = {isa = PBXBuildFile; fileRef = D4BCF08224A4F6C700B72895 /* LaunchScreen.storyboard */; };
		D4BCF08724A4F6C700B72895 /* main.m in Sources */ = {isa = PBXBuildFile; fileRef = D4BCF08624A4F6C700B72895 /* main.m */; };
		D4BCF09124A4F6C700B72895 /* HumblrTests.m in Sources */ = {isa = PBXBuildFile; fileRef = D4BCF09024A4F6C700B72895 /* HumblrTests.m */; };
		D4BCF09C24A4F6C700B72895 /* HumblrUITests.m in Sources */ = {isa = PBXBuildFile; fileRef = D4BCF09B24A4F6C700B72895 /* HumblrUITests.m */; };
/* End PBXBuildFile section */

/* Begin PBXContainerItemProxy section */
		D4BCF08D24A4F6C700B72895 /* PBXContainerItemProxy */ = {
			isa = PBXContainerItemProxy;
			containerPortal = D4BCF06924A4F6C600B72895 /* Project object */;
			proxyType = 1;
			remoteGlobalIDString = D4BCF07024A4F6C600B72895;
			remoteInfo = Humblr;
		};
		D4BCF09824A4F6C700B72895 /* PBXContainerItemProxy */ = {
			isa = PBXContainerItemProxy;
			containerPortal = D4BCF06924A4F6C600B72895 /* Project object */;
			proxyType = 1;
			remoteGlobalIDString = D4BCF07024A4F6C600B72895;
			remoteInfo = Humblr;
		};
/* End PBXContainerItemProxy section */

/* Begin PBXFileReference section */
		D4BCF07124A4F6C600B72895 /* Humblr.app */ = {isa = PBXFileReference; explicitFileType = wrapper.application; includeInIndex = 0; path = Humblr.app; sourceTree = BUILT_PRODUCTS_DIR; };
		D4BCF07424A4F6C600B72895 /* AppDelegate.h */ = {isa = PBXFileReference; lastKnownFileType = sourcecode.c.h; path = AppDelegate.h; sourceTree = "<group>"; };
		D4BCF07524A4F6C600B72895 /* AppDelegate.m */ = {isa = PBXFileReference; lastKnownFileType = sourcecode.c.objc; path = AppDelegate.m; sourceTree = "<group>"; };
		D4BCF07724A4F6C600B72895 /* SceneDelegate.h */ = {isa = PBXFileReference; lastKnownFileType = sourcecode.c.h; path = SceneDelegate.h; sourceTree = "<group>"; };
		D4BCF07824A4F6C600B72895 /* SceneDelegate.m */ = {isa = PBXFileReference; lastKnownFileType = sourcecode.c.objc; path = SceneDelegate.m; sourceTree = "<group>"; };
		D4BCF07A24A4F6C600B72895 /* ViewController.h */ = {isa = PBXFileReference; lastKnownFileType = sourcecode.c.h; path = ViewController.h; sourceTree = "<group>"; };
		D4BCF07B24A4F6C600B72895 /* ViewController.m */ = {isa = PBXFileReference; lastKnownFileType = sourcecode.c.objc; path = ViewController.m; sourceTree = "<group>"; };
		D4BCF07E24A4F6C600B72895 /* Base */ = {isa = PBXFileReference; lastKnownFileType = file.storyboard; name = Base; path = Base.lproj/Main.storyboard; sourceTree = "<group>"; };
		D4BCF08024A4F6C700B72895 /* Assets.xcassets */ = {isa = PBXFileReference; lastKnownFileType = folder.assetcatalog; path = Assets.xcassets; sourceTree = "<group>"; };
		D4BCF08324A4F6C700B72895 /* Base */ = {isa = PBXFileReference; lastKnownFileType = file.storyboard; name = Base; path = Base.lproj/LaunchScreen.storyboard; sourceTree = "<group>"; };
		D4BCF08524A4F6C700B72895 /* Info.plist */ = {isa = PBXFileReference; lastKnownFileType = text.plist.xml; path = Info.plist; sourceTree = "<group>"; };
		D4BCF08624A4F6C700B72895 /* main.m */ = {isa = PBXFileReference; lastKnownFileType = sourcecode.c.objc; path = main.m; sourceTree = "<group>"; };
		D4BCF08C24A4F6C700B72895 /* HumblrTests.xctest */ = {isa = PBXFileReference; explicitFileType = wrapper.cfbundle; includeInIndex = 0; path = HumblrTests.xctest; sourceTree = BUILT_PRODUCTS_DIR; };
		D4BCF09024A4F6C700B72895 /* HumblrTests.m */ = {isa = PBXFileReference; lastKnownFileType = sourcecode.c.objc; path = HumblrTests.m; sourceTree = "<group>"; };
		D4BCF09224A4F6C700B72895 /* Info.plist */ = {isa = PBXFileReference; lastKnownFileType = text.plist.xml; path = Info.plist; sourceTree = "<group>"; };
		D4BCF09724A4F6C700B72895 /* HumblrUITests.xctest */ = {isa = PBXFileReference; explicitFileType = wrapper.cfbundle; includeInIndex = 0; path = HumblrUITests.xctest; sourceTree = BUILT_PRODUCTS_DIR; };
		D4BCF09B24A4F6C700B72895 /* HumblrUITests.m */ = {isa = PBXFileReference; lastKnownFileType = sourcecode.c.objc; path = HumblrUITests.m; sourceTree = "<group>"; };
		D4BCF09D24A4F6C700B72895 /* Info.plist */ = {isa = PBXFileReference; lastKnownFileType = text.plist.xml; path = Info.plist; sourceTree = "<group>"; };
/* End PBXFileReference section */

/* Begin PBXFrameworksBuildPhase section */
		D4BCF06E24A4F6C600B72895 /* Frameworks */ = {
			isa = PBXFrameworksBuildPhase;
			buildActionMask = 2147483647;
			files = (
			);
			runOnlyForDeploymentPostprocessing = 0;
		};
		D4BCF08924A4F6C700B72895 /* Frameworks */ = {
			isa = PBXFrameworksBuildPhase;
			buildActionMask = 2147483647;
			files = (
			);
			runOnlyForDeploymentPostprocessing = 0;
		};
		D4BCF09424A4F6C700B72895 /* Frameworks */ = {
			isa = PBXFrameworksBuildPhase;
			buildActionMask = 2147483647;
			files = (
			);
			runOnlyForDeploymentPostprocessing = 0;
		};
/* End PBXFrameworksBuildPhase section */

/* Begin PBXGroup section */
		D4BCF06824A4F6C600B72895 = {
			isa = PBXGroup;
			children = (
				D4BCF07324A4F6C600B72895 /* Humblr */,
				D4BCF08F24A4F6C700B72895 /* HumblrTests */,
				D4BCF09A24A4F6C700B72895 /* HumblrUITests */,
				D4BCF07224A4F6C600B72895 /* Products */,
			);
			sourceTree = "<group>";
		};
		D4BCF07224A4F6C600B72895 /* Products */ = {
			isa = PBXGroup;
			children = (
				D4BCF07124A4F6C600B72895 /* Humblr.app */,
				D4BCF08C24A4F6C700B72895 /* HumblrTests.xctest */,
				D4BCF09724A4F6C700B72895 /* HumblrUITests.xctest */,
			);
			name = Products;
			sourceTree = "<group>";
		};
		D4BCF07324A4F6C600B72895 /* Humblr */ = {
			isa = PBXGroup;
			children = (
				D4BCF07424A4F6C600B72895 /* AppDelegate.h */,
				D4BCF07524A4F6C600B72895 /* AppDelegate.m */,
				D4BCF07724A4F6C600B72895 /* SceneDelegate.h */,
				D4BCF07824A4F6C600B72895 /* SceneDelegate.m */,
				D4BCF07A24A4F6C600B72895 /* ViewController.h */,
				D4BCF07B24A4F6C600B72895 /* ViewController.m */,
				D4BCF07D24A4F6C600B72895 /* Main.storyboard */,
				D4BCF08024A4F6C700B72895 /* Assets.xcassets */,
				D4BCF08224A4F6C700B72895 /* LaunchScreen.storyboard */,
				D4BCF08524A4F6C700B72895 /* Info.plist */,
				D4BCF08624A4F6C700B72895 /* main.m */,
			);
			path = Humblr;
			sourceTree = "<group>";
		};
		D4BCF08F24A4F6C700B72895 /* HumblrTests */ = {
			isa = PBXGroup;
			children = (
				D4BCF09024A4F6C700B72895 /* HumblrTests.m */,
				D4BCF09224A4F6C700B72895 /* Info.plist */,
			);
			path = HumblrTests;
			sourceTree = "<group>";
		};
		D4BCF09A24A4F6C700B72895 /* HumblrUITests */ = {
			isa = PBXGroup;
			children = (
				D4BCF09B24A4F6C700B72895 /* HumblrUITests.m */,
				D4BCF09D24A4F6C700B72895 /* Info.plist */,
			);
			path = HumblrUITests;
			sourceTree = "<group>";
		};
/* End PBXGroup section */

/* Begin PBXNativeTarget section */
		D4BCF07024A4F6C600B72895 /* Humblr */ = {
			isa = PBXNativeTarget;
			buildConfigurationList = D4BCF0A024A4F6C700B72895 /* Build configuration list for PBXNativeTarget "Humblr" */;
			buildPhases = (
				D4BCF06D24A4F6C600B72895 /* Sources */,
				D4BCF06E24A4F6C600B72895 /* Frameworks */,
				D4BCF06F24A4F6C600B72895 /* Resources */,
			);
			buildRules = (
			);
			dependencies = (
			);
			name = Humblr;
			productName = Humblr;
			productReference = D4BCF07124A4F6C600B72895 /* Humblr.app */;
			productType = "com.apple.product-type.application";
		};
		D4BCF08B24A4F6C700B72895 /* HumblrTests */ = {
			isa = PBXNativeTarget;
			buildConfigurationList = D4BCF0A324A4F6C700B72895 /* Build configuration list for PBXNativeTarget "HumblrTests" */;
			buildPhases = (
				D4BCF08824A4F6C700B72895 /* Sources */,
				D4BCF08924A4F6C700B72895 /* Frameworks */,
				D4BCF08A24A4F6C700B72895 /* Resources */,
			);
			buildRules = (
			);
			dependencies = (
				D4BCF08E24A4F6C700B72895 /* PBXTargetDependency */,
			);
			name = HumblrTests;
			productName = HumblrTests;
			productReference = D4BCF08C24A4F6C700B72895 /* HumblrTests.xctest */;
			productType = "com.apple.product-type.bundle.unit-test";
		};
		D4BCF09624A4F6C700B72895 /* HumblrUITests */ = {
			isa = PBXNativeTarget;
			buildConfigurationList = D4BCF0A624A4F6C700B72895 /* Build configuration list for PBXNativeTarget "HumblrUITests" */;
			buildPhases = (
				D4BCF09324A4F6C700B72895 /* Sources */,
				D4BCF09424A4F6C700B72895 /* Frameworks */,
				D4BCF09524A4F6C700B72895 /* Resources */,
			);
			buildRules = (
			);
			dependencies = (
				D4BCF09924A4F6C700B72895 /* PBXTargetDependency */,
			);
			name = HumblrUITests;
			productName = HumblrUITests;
			productReference = D4BCF09724A4F6C700B72895 /* HumblrUITests.xctest */;
			productType = "com.apple.product-type.bundle.ui-testing";
		};
/* End PBXNativeTarget section */

/* Begin PBXProject section */
		D4BCF06924A4F6C600B72895 /* Project object */ = {
			isa = PBXProject;
			attributes = {
				LastUpgradeCheck = 1150;
				ORGANIZATIONNAME = mercycat;
				TargetAttributes = {
					D4BCF07024A4F6C600B72895 = {
						CreatedOnToolsVersion = 11.5;
					};
					D4BCF08B24A4F6C700B72895 = {
						CreatedOnToolsVersion = 11.5;
						TestTargetID = D4BCF07024A4F6C600B72895;
					};
					D4BCF09624A4F6C700B72895 = {
						CreatedOnToolsVersion = 11.5;
						TestTargetID = D4BCF07024A4F6C600B72895;
					};
				};
			};
			buildConfigurationList = D4BCF06C24A4F6C600B72895 /* Build configuration list for PBXProject "Humblr" */;
			compatibilityVersion = "Xcode 9.3";
			developmentRegion = en;
			hasScannedForEncodings = 0;
			knownRegions = (
				en,
				Base,
			);
			mainGroup = D4BCF06824A4F6C600B72895;
			productRefGroup = D4BCF07224A4F6C600B72895 /* Products */;
			projectDirPath = "";
			projectRoot = "";
			targets = (
				D4BCF07024A4F6C600B72895 /* Humblr */,
				D4BCF08B24A4F6C700B72895 /* HumblrTests */,
				D4BCF09624A4F6C700B72895 /* HumblrUITests */,
			);
		};
/* End PBXProject section */

/* Begin PBXResourcesBuildPhase section */
		D4BCF06F24A4F6C600B72895 /* Resources */ = {
			isa = PBXResourcesBuildPhase;
			buildActionMask = 2147483647;
			files = (
				D4BCF08424A4F6C700B72895 /* LaunchScreen.storyboard in Resources */,
				D4BCF08124A4F6C700B72895 /* Assets.xcassets in Resources */,
				D4BCF07F24A4F6C600B72895 /* Main.storyboard in Resources */,
			);
			runOnlyForDeploymentPostprocessing = 0;
		};
		D4BCF08A24A4F6C700B72895 /* Resources */ = {
			isa = PBXResourcesBuildPhase;
			buildActionMask = 2147483647;
			files = (
			);
			runOnlyForDeploymentPostprocessing = 0;
		};
		D4BCF09524A4F6C700B72895 /* Resources */ = {
			isa = PBXResourcesBuildPhase;
			buildActionMask = 2147483647;
			files = (
			);
			runOnlyForDeploymentPostprocessing = 0;
		};
/* End PBXResourcesBuildPhase section */

/* Begin PBXSourcesBuildPhase section */
		D4BCF06D24A4F6C600B72895 /* Sources */ = {
			isa = PBXSourcesBuildPhase;
			buildActionMask = 2147483647;
			files = (
				D4BCF07C24A4F6C600B72895 /* ViewController.m in Sources */,
				D4BCF07624A4F6C600B72895 /* AppDelegate.m in Sources */,
				D4BCF08724A4F6C700B72895 /* main.m in Sources */,
				D4BCF07924A4F6C600B72895 /* SceneDelegate.m in Sources */,
			);
			runOnlyForDeploymentPostprocessing = 0;
		};
		D4BCF08824A4F6C700B72895 /* Sources */ = {
			isa = PBXSourcesBuildPhase;
			buildActionMask = 2147483647;
			files = (
				D4BCF09124A4F6C700B72895 /* HumblrTests.m in Sources */,
			);
			runOnlyForDeploymentPostprocessing = 0;
		};
		D4BCF09324A4F6C700B72895 /* Sources */ = {
			isa = PBXSourcesBuildPhase;
			buildActionMask = 2147483647;
			files = (
				D4BCF09C24A4F6C700B72895 /* HumblrUITests.m in Sources */,
			);
			runOnlyForDeploymentPostprocessing = 0;
		};
/* End PBXSourcesBuildPhase section */

/* Begin PBXTargetDependency section */
		D4BCF08E24A4F6C700B72895 /* PBXTargetDependency */ = {
			isa = PBXTargetDependency;
			target = D4BCF07024A4F6C600B72895 /* Humblr */;
			targetProxy = D4BCF08D24A4F6C700B72895 /* PBXContainerItemProxy */;
		};
		D4BCF09924A4F6C700B72895 /* PBXTargetDependency */ = {
			isa = PBXTargetDependency;
			target = D4BCF07024A4F6C600B72895 /* Humblr */;
			targetProxy = D4BCF09824A4F6C700B72895 /* PBXContainerItemProxy */;
		};
/* End PBXTargetDependency section */

/* Begin PBXVariantGroup section */
		D4BCF07D24A4F6C600B72895 /* Main.storyboard */ = {
			isa = PBXVariantGroup;
			children = (
				D4BCF07E24A4F6C600B72895 /* Base */,
			);
			name = Main.storyboard;
			sourceTree = "<group>";
		};
		D4BCF08224A4F6C700B72895 /* LaunchScreen.storyboard */ = {
			isa = PBXVariantGroup;
			children = (
				D4BCF08324A4F6C700B72895 /* Base */,
			);
			name = LaunchScreen.storyboard;
			sourceTree = "<group>";
		};
/* End PBXVariantGroup section */

/* Begin XCBuildConfiguration section */
		D4BCF09E24A4F6C700B72895 /* Debug */ = {
			isa = XCBuildConfiguration;
			buildSettings = {
				ALWAYS_SEARCH_USER_PATHS = NO;
				CLANG_ANALYZER_NONNULL = YES;
				CLANG_ANALYZER_NUMBER_OBJECT_CONVERSION = YES_AGGRESSIVE;
				CLANG_CXX_LANGUAGE_STANDARD = "gnu++14";
				CLANG_CXX_LIBRARY = "libc++";
				CLANG_ENABLE_MODULES = YES;
				CLANG_ENABLE_OBJC_ARC = YES;
				CLANG_ENABLE_OBJC_WEAK = YES;
				CLANG_WARN_BLOCK_CAPTURE_AUTORELEASING = YES;
				CLANG_WARN_BOOL_CONVERSION = YES;
				CLANG_WARN_COMMA = YES;
				CLANG_WARN_CONSTANT_CONVERSION = YES;
				CLANG_WARN_DEPRECATED_OBJC_IMPLEMENTATIONS = YES;
				CLANG_WARN_DIRECT_OBJC_ISA_USAGE = YES_ERROR;
				CLANG_WARN_DOCUMENTATION_COMMENTS = YES;
				CLANG_WARN_EMPTY_BODY = YES;
				CLANG_WARN_ENUM_CONVERSION = YES;
				CLANG_WARN_INFINITE_RECURSION = YES;
				CLANG_WARN_INT_CONVERSION = YES;
				CLANG_WARN_NON_LITERAL_NULL_CONVERSION = YES;
				CLANG_WARN_OBJC_IMPLICIT_RETAIN_SELF = YES;
				CLANG_WARN_OBJC_LITERAL_CONVERSION = YES;
				CLANG_WARN_OBJC_ROOT_CLASS = YES_ERROR;
				CLANG_WARN_RANGE_LOOP_ANALYSIS = YES;
				CLANG_WARN_STRICT_PROTOTYPES = YES;
				CLANG_WARN_SUSPICIOUS_MOVE = YES;
				CLANG_WARN_UNGUARDED_AVAILABILITY = YES_AGGRESSIVE;
				CLANG_WARN_UNREACHABLE_CODE = YES;
				CLANG_WARN__DUPLICATE_METHOD_MATCH = YES;
				COPY_PHASE_STRIP = NO;
				DEBUG_INFORMATION_FORMAT = dwarf;
				ENABLE_STRICT_OBJC_MSGSEND = YES;
				ENABLE_TESTABILITY = YES;
				GCC_C_LANGUAGE_STANDARD = gnu11;
				GCC_DYNAMIC_NO_PIC = NO;
				GCC_NO_COMMON_BLOCKS = YES;
				GCC_OPTIMIZATION_LEVEL = 0;
				GCC_PREPROCESSOR_DEFINITIONS = (
					"DEBUG=1",
					"$(inherited)",
				);
				GCC_WARN_64_TO_32_BIT_CONVERSION = YES;
				GCC_WARN_ABOUT_RETURN_TYPE = YES_ERROR;
				GCC_WARN_UNDECLARED_SELECTOR = YES;
				GCC_WARN_UNINITIALIZED_AUTOS = YES_AGGRESSIVE;
				GCC_WARN_UNUSED_FUNCTION = YES;
				GCC_WARN_UNUSED_VARIABLE = YES;
				IPHONEOS_DEPLOYMENT_TARGET = 13.5;
				MTL_ENABLE_DEBUG_INFO = INCLUDE_SOURCE;
				MTL_FAST_MATH = YES;
				ONLY_ACTIVE_ARCH = YES;
				SDKROOT = iphoneos;
			};
			name = Debug;
		};
		D4BCF09F24A4F6C700B72895 /* Release */ = {
			isa = XCBuildConfiguration;
			buildSettings = {
				ALWAYS_SEARCH_USER_PATHS = NO;
				CLANG_ANALYZER_NONNULL = YES;
				CLANG_ANALYZER_NUMBER_OBJECT_CONVERSION = YES_AGGRESSIVE;
				CLANG_CXX_LANGUAGE_STANDARD = "gnu++14";
				CLANG_CXX_LIBRARY = "libc++";
				CLANG_ENABLE_MODULES = YES;
				CLANG_ENABLE_OBJC_ARC = YES;
				CLANG_ENABLE_OBJC_WEAK = YES;
				CLANG_WARN_BLOCK_CAPTURE_AUTORELEASING = YES;
				CLANG_WARN_BOOL_CONVERSION = YES;
				CLANG_WARN_COMMA = YES;
				CLANG_WARN_CONSTANT_CONVERSION = YES;
				CLANG_WARN_DEPRECATED_OBJC_IMPLEMENTATIONS = YES;
				CLANG_WARN_DIRECT_OBJC_ISA_USAGE = YES_ERROR;
				CLANG_WARN_DOCUMENTATION_COMMENTS = YES;
				CLANG_WARN_EMPTY_BODY = YES;
				CLANG_WARN_ENUM_CONVERSION = YES;
				CLANG_WARN_INFINITE_RECURSION = YES;
				CLANG_WARN_INT_CONVERSION = YES;
				CLANG_WARN_NON_LITERAL_NULL_CONVERSION = YES;
				CLANG_WARN_OBJC_IMPLICIT_RETAIN_SELF = YES;
				CLANG_WARN_OBJC_LITERAL_CONVERSION = YES;
				CLANG_WARN_OBJC_ROOT_CLASS = YES_ERROR;
				CLANG_WARN_RANGE_LOOP_ANALYSIS = YES;
				CLANG_WARN_STRICT_PROTOTYPES = YES;
				CLANG_WARN_SUSPICIOUS_MOVE = YES;
				CLANG_WARN_UNGUARDED_AVAILABILITY = YES_AGGRESSIVE;
				CLANG_WARN_UNREACHABLE_CODE = YES;
				CLANG_WARN__DUPLICATE_METHOD_MATCH = YES;
				COPY_PHASE_STRIP = NO;
				DEBUG_INFORMATION_FORMAT = "dwarf-with-dsym";
				ENABLE_NS_ASSERTIONS = NO;
				ENABLE_STRICT_OBJC_MSGSEND = YES;
				GCC_C_LANGUAGE_STANDARD = gnu11;
				GCC_NO_COMMON_BLOCKS = YES;
				GCC_WARN_64_TO_32_BIT_CONVERSION = YES;
				GCC_WARN_ABOUT_RETURN_TYPE = YES_ERROR;
				GCC_WARN_UNDECLARED_SELECTOR = YES;
				GCC_WARN_UNINITIALIZED_AUTOS = YES_AGGRESSIVE;
				GCC_WARN_UNUSED_FUNCTION = YES;
				GCC_WARN_UNUSED_VARIABLE = YES;
				IPHONEOS_DEPLOYMENT_TARGET = 13.5;
				MTL_ENABLE_DEBUG_INFO = NO;
				MTL_FAST_MATH = YES;
				SDKROOT = iphoneos;
				VALIDATE_PRODUCT = YES;
			};
			name = Release;
		};
		D4BCF0A124A4F6C700B72895 /* Debug */ = {
			isa = XCBuildConfiguration;
			buildSettings = {
				ASSETCATALOG_COMPILER_APPICON_NAME = AppIcon;
				CODE_SIGN_STYLE = Automatic;
				DEVELOPMENT_TEAM = 7ZHC9LK6JK;
				INFOPLIST_FILE = Humblr/Info.plist;
				LD_RUNPATH_SEARCH_PATHS = (
					"$(inherited)",
					"@executable_path/Frameworks",
				);
				PRODUCT_BUNDLE_IDENTIFIER = com.mercycat.Humblr;
				PRODUCT_NAME = "$(TARGET_NAME)";
				TARGETED_DEVICE_FAMILY = "1,2";
			};
			name = Debug;
		};
		D4BCF0A224A4F6C700B72895 /* Release */ = {
			isa = XCBuildConfiguration;
			buildSettings = {
				ASSETCATALOG_COMPILER_APPICON_NAME = AppIcon;
				CODE_SIGN_STYLE = Automatic;
				DEVELOPMENT_TEAM = 7ZHC9LK6JK;
				INFOPLIST_FILE = Humblr/Info.plist;
				LD_RUNPATH_SEARCH_PATHS = (
					"$(inherited)",
					"@executable_path/Frameworks",
				);
				PRODUCT_BUNDLE_IDENTIFIER = com.mercycat.Humblr;
				PRODUCT_NAME = "$(TARGET_NAME)";
				TARGETED_DEVICE_FAMILY = "1,2";
			};
			name = Release;
		};
		D4BCF0A424A4F6C700B72895 /* Debug */ = {
			isa = XCBuildConfiguration;
			buildSettings = {
				BUNDLE_LOADER = "$(TEST_HOST)";
				CODE_SIGN_STYLE = Automatic;
				DEVELOPMENT_TEAM = 7ZHC9LK6JK;
				INFOPLIST_FILE = HumblrTests/Info.plist;
				IPHONEOS_DEPLOYMENT_TARGET = 13.5;
				LD_RUNPATH_SEARCH_PATHS = (
					"$(inherited)",
					"@executable_path/Frameworks",
					"@loader_path/Frameworks",
				);
				PRODUCT_BUNDLE_IDENTIFIER = com.mercycat.HumblrTests;
				PRODUCT_NAME = "$(TARGET_NAME)";
				TARGETED_DEVICE_FAMILY = "1,2";
				TEST_HOST = "$(BUILT_PRODUCTS_DIR)/Humblr.app/Humblr";
			};
			name = Debug;
		};
		D4BCF0A524A4F6C700B72895 /* Release */ = {
			isa = XCBuildConfiguration;
			buildSettings = {
				BUNDLE_LOADER = "$(TEST_HOST)";
				CODE_SIGN_STYLE = Automatic;
				DEVELOPMENT_TEAM = 7ZHC9LK6JK;
				INFOPLIST_FILE = HumblrTests/Info.plist;
				IPHONEOS_DEPLOYMENT_TARGET = 13.5;
				LD_RUNPATH_SEARCH_PATHS = (
					"$(inherited)",
					"@executable_path/Frameworks",
					"@loader_path/Frameworks",
				);
				PRODUCT_BUNDLE_IDENTIFIER = com.mercycat.HumblrTests;
				PRODUCT_NAME = "$(TARGET_NAME)";
				TARGETED_DEVICE_FAMILY = "1,2";
				TEST_HOST = "$(BUILT_PRODUCTS_DIR)/Humblr.app/Humblr";
			};
			name = Release;
		};
		D4BCF0A724A4F6C700B72895 /* Debug */ = {
			isa = XCBuildConfiguration;
			buildSettings = {
				CODE_SIGN_STYLE = Automatic;
				DEVELOPMENT_TEAM = 7ZHC9LK6JK;
				INFOPLIST_FILE = HumblrUITests/Info.plist;
				LD_RUNPATH_SEARCH_PATHS = (
					"$(inherited)",
					"@executable_path/Frameworks",
					"@loader_path/Frameworks",
				);
				PRODUCT_BUNDLE_IDENTIFIER = com.mercycat.HumblrUITests;
				PRODUCT_NAME = "$(TARGET_NAME)";
				TARGETED_DEVICE_FAMILY = "1,2";
				TEST_TARGET_NAME = Humblr;
			};
			name = Debug;
		};
		D4BCF0A824A4F6C700B72895 /* Release */ = {
			isa = XCBuildConfiguration;
			buildSettings = {
				CODE_SIGN_STYLE = Automatic;
				DEVELOPMENT_TEAM = 7ZHC9LK6JK;
				INFOPLIST_FILE = HumblrUITests/Info.plist;
				LD_RUNPATH_SEARCH_PATHS = (
					"$(inherited)",
					"@executable_path/Frameworks",
					"@loader_path/Frameworks",
				);
				PRODUCT_BUNDLE_IDENTIFIER = com.mercycat.HumblrUITests;
				PRODUCT_NAME = "$(TARGET_NAME)";
				TARGETED_DEVICE_FAMILY = "1,2";
				TEST_TARGET_NAME = Humblr;
			};
			name = Release;
		};
/* End XCBuildConfiguration section */

/* Begin XCConfigurationList section */
		D4BCF06C24A4F6C600B72895 /* Build configuration list for PBXProject "Humblr" */ = {
			isa = XCConfigurationList;
			buildConfigurations = (
				D4BCF09E24A4F6C700B72895 /* Debug */,
				D4BCF09F24A4F6C700B72895 /* Release */,
			);
			defaultConfigurationIsVisible = 0;
			defaultConfigurationName = Release;
		};
		D4BCF0A024A4F6C700B72895 /* Build configuration list for PBXNativeTarget "Humblr" */ = {
			isa = XCConfigurationList;
			buildConfigurations = (
				D4BCF0A124A4F6C700B72895 /* Debug */,
				D4BCF0A224A4F6C700B72895 /* Release */,
			);
			defaultConfigurationIsVisible = 0;
			defaultConfigurationName = Release;
		};
		D4BCF0A324A4F6C700B72895 /* Build configuration list for PBXNativeTarget "HumblrTests" */ = {
			isa = XCConfigurationList;
			buildConfigurations = (
				D4BCF0A424A4F6C700B72895 /* Debug */,
				D4BCF0A524A4F6C700B72895 /* Release */,
			);
			defaultConfigurationIsVisible = 0;
			defaultConfigurationName = Release;
		};
		D4BCF0A624A4F6C700B72895 /* Build configuration list for PBXNativeTarget "HumblrUITests" */ = {
			isa = XCConfigurationList;
			buildConfigurations = (
				D4BCF0A724A4F6C700B72895 /* Debug */,
				D4BCF0A824A4F6C700B72895 /* Release */,
			);
			defaultConfigurationIsVisible = 0;
			defaultConfigurationName = Release;
		};
/* End XCConfigurationList section */
	};
	rootObject = D4BCF06924A4F6C600B72895 /* Project object */;
}
