// !$*UTF8*$!
{
	archiveVersion = 1;
	classes = {
	};
	objectVersion = 51;
	objects = {

/* Begin PBXBuildFile section */
		257EEDB8AFF682B8B722F712 /* Pods_Humblr_HumblrUITests.framework in Frameworks */ = {isa = PBXBuildFile; fileRef = 3EB801D445184D375B2EB8C7 /* Pods_Humblr_HumblrUITests.framework */; };
		A45358434FA1C9D33DD19504 /* Pods_HumblrTests.framework in Frameworks */ = {isa = PBXBuildFile; fileRef = 2F2452D57FEB2FC83DFA8C07 /* Pods_HumblrTests.framework */; };
		B04CD8F3562081A243723216 /* Pods_Humblr.framework in Frameworks */ = {isa = PBXBuildFile; fileRef = 482FA4BD16ACEEDD345F1E1A /* Pods_Humblr.framework */; };
		D4BCF07624A4F6C600B72895 /* AppDelegate.m in Sources */ = {isa = PBXBuildFile; fileRef = D4BCF07524A4F6C600B72895 /* AppDelegate.m */; };
		D4BCF07924A4F6C600B72895 /* SceneDelegate.m in Sources */ = {isa = PBXBuildFile; fileRef = D4BCF07824A4F6C600B72895 /* SceneDelegate.m */; };
		D4BCF07F24A4F6C600B72895 /* Main.storyboard in Resources */ = {isa = PBXBuildFile; fileRef = D4BCF07D24A4F6C600B72895 /* Main.storyboard */; };
		D4BCF08124A4F6C700B72895 /* Assets.xcassets in Resources */ = {isa = PBXBuildFile; fileRef = D4BCF08024A4F6C700B72895 /* Assets.xcassets */; };
		D4BCF08424A4F6C700B72895 /* LaunchScreen.storyboard in Resources */ = {isa = PBXBuildFile; fileRef = D4BCF08224A4F6C700B72895 /* LaunchScreen.storyboard */; };
		D4BCF08724A4F6C700B72895 /* main.m in Sources */ = {isa = PBXBuildFile; fileRef = D4BCF08624A4F6C700B72895 /* main.m */; };
		D4BCF09124A4F6C700B72895 /* HumblrTests.m in Sources */ = {isa = PBXBuildFile; fileRef = D4BCF09024A4F6C700B72895 /* HumblrTests.m */; };
		D4BCF09C24A4F6C700B72895 /* HumblrUITests.m in Sources */ = {isa = PBXBuildFile; fileRef = D4BCF09B24A4F6C700B72895 /* HumblrUITests.m */; };
		D4BCF0AC24A4F85F00B72895 /* PhotosViewController.m in Sources */ = {isa = PBXBuildFile; fileRef = D4BCF0AB24A4F85F00B72895 /* PhotosViewController.m */; };
		D4BCF0AF24A505EA00B72895 /* PhotoCell.m in Sources */ = {isa = PBXBuildFile; fileRef = D4BCF0AE24A505EA00B72895 /* PhotoCell.m */; };
/* End PBXBuildFile section */

/* Begin PBXContainerItemProxy section */
		D4BCF08D24A4F6C700B72895 /* PBXContainerItemProxy */ = {
			isa = PBXContainerItemProxy;
			containerPortal = D4BCF06924A4F6C600B72895 /* Project object */;
			proxyType = 1;
			remoteGlobalIDString = D4BCF07024A4F6C600B72895;
			remoteInfo = Humblr;
		};
		D4BCF09824A4F6C700B72895 /* PBXContainerItemProxy */ = {
			isa = PBXContainerItemProxy;
			containerPortal = D4BCF06924A4F6C600B72895 /* Project object */;
			proxyType = 1;
			remoteGlobalIDString = D4BCF07024A4F6C600B72895;
			remoteInfo = Humblr;
		};
/* End PBXContainerItemProxy section */

/* Begin PBXFileReference section */
		2F2452D57FEB2FC83DFA8C07 /* Pods_HumblrTests.framework */ = {isa = PBXFileReference; explicitFileType = wrapper.framework; includeInIndex = 0; path = Pods_HumblrTests.framework; sourceTree = BUILT_PRODUCTS_DIR; };
		3EB801D445184D375B2EB8C7 /* Pods_Humblr_HumblrUITests.framework */ = {isa = PBXFileReference; explicitFileType = wrapper.framework; includeInIndex = 0; path = Pods_Humblr_HumblrUITests.framework; sourceTree = BUILT_PRODUCTS_DIR; };
		47F303A982584FDCA32E44FB /* Pods-Humblr.debug.xcconfig */ = {isa = PBXFileReference; includeInIndex = 1; lastKnownFileType = text.xcconfig; name = "Pods-Humblr.debug.xcconfig"; path = "Target Support Files/Pods-Humblr/Pods-Humblr.debug.xcconfig"; sourceTree = "<group>"; };
		482FA4BD16ACEEDD345F1E1A /* Pods_Humblr.framework */ = {isa = PBXFileReference; explicitFileType = wrapper.framework; includeInIndex = 0; path = Pods_Humblr.framework; sourceTree = BUILT_PRODUCTS_DIR; };
		5F052571E22708EFB7463F17 /* Pods-Humblr.release.xcconfig */ = {isa = PBXFileReference; includeInIndex = 1; lastKnownFileType = text.xcconfig; name = "Pods-Humblr.release.xcconfig"; path = "Target Support Files/Pods-Humblr/Pods-Humblr.release.xcconfig"; sourceTree = "<group>"; };
		80A7C2271113B280198F66F5 /* Pods-HumblrTests.release.xcconfig */ = {isa = PBXFileReference; includeInIndex = 1; lastKnownFileType = text.xcconfig; name = "Pods-HumblrTests.release.xcconfig"; path = "Target Support Files/Pods-HumblrTests/Pods-HumblrTests.release.xcconfig"; sourceTree = "<group>"; };
		B9C65E52DE769F347D1E7741 /* Pods-HumblrTests.debug.xcconfig */ = {isa = PBXFileReference; includeInIndex = 1; lastKnownFileType = text.xcconfig; name = "Pods-HumblrTests.debug.xcconfig"; path = "Target Support Files/Pods-HumblrTests/Pods-HumblrTests.debug.xcconfig"; sourceTree = "<group>"; };
		C4F8A9A3747F44E067463560 /* Pods-Humblr-HumblrUITests.release.xcconfig */ = {isa = PBXFileReference; includeInIndex = 1; lastKnownFileType = text.xcconfig; name = "Pods-Humblr-HumblrUITests.release.xcconfig"; path = "Target Support Files/Pods-Humblr-HumblrUITests/Pods-Humblr-HumblrUITests.release.xcconfig"; sourceTree = "<group>"; };
		D4BCF07124A4F6C600B72895 /* Humblr.app */ = {isa = PBXFileReference; explicitFileType = wrapper.application; includeInIndex = 0; path = Humblr.app; sourceTree = BUILT_PRODUCTS_DIR; };
		D4BCF07424A4F6C600B72895 /* AppDelegate.h */ = {isa = PBXFileReference; lastKnownFileType = sourcecode.c.h; path = AppDelegate.h; sourceTree = "<group>"; };
		D4BCF07524A4F6C600B72895 /* AppDelegate.m */ = {isa = PBXFileReference; lastKnownFileType = sourcecode.c.objc; path = AppDelegate.m; sourceTree = "<group>"; };
		D4BCF07724A4F6C600B72895 /* SceneDelegate.h */ = {isa = PBXFileReference; lastKnownFileType = sourcecode.c.h; path = SceneDelegate.h; sourceTree = "<group>"; };
		D4BCF07824A4F6C600B72895 /* SceneDelegate.m */ = {isa = PBXFileReference; lastKnownFileType = sourcecode.c.objc; path = SceneDelegate.m; sourceTree = "<group>"; };
		D4BCF07E24A4F6C600B72895 /* Base */ = {isa = PBXFileReference; lastKnownFileType = file.storyboard; name = Base; path = Base.lproj/Main.storyboard; sourceTree = "<group>"; };
		D4BCF08024A4F6C700B72895 /* Assets.xcassets */ = {isa = PBXFileReference; lastKnownFileType = folder.assetcatalog; path = Assets.xcassets; sourceTree = "<group>"; };
		D4BCF08324A4F6C700B72895 /* Base */ = {isa = PBXFileReference; lastKnownFileType = file.storyboard; name = Base; path = Base.lproj/LaunchScreen.storyboard; sourceTree = "<group>"; };
		D4BCF08524A4F6C700B72895 /* Info.plist */ = {isa = PBXFileReference; lastKnownFileType = text.plist.xml; path = Info.plist; sourceTree = "<group>"; };
		D4BCF08624A4F6C700B72895 /* main.m */ = {isa = PBXFileReference; lastKnownFileType = sourcecode.c.objc; path = main.m; sourceTree = "<group>"; };
		D4BCF08C24A4F6C700B72895 /* HumblrTests.xctest */ = {isa = PBXFileReference; explicitFileType = wrapper.cfbundle; includeInIndex = 0; path = HumblrTests.xctest; sourceTree = BUILT_PRODUCTS_DIR; };
		D4BCF09024A4F6C700B72895 /* HumblrTests.m */ = {isa = PBXFileReference; lastKnownFileType = sourcecode.c.objc; path = HumblrTests.m; sourceTree = "<group>"; };
		D4BCF09224A4F6C700B72895 /* Info.plist */ = {isa = PBXFileReference; lastKnownFileType = text.plist.xml; path = Info.plist; sourceTree = "<group>"; };
		D4BCF09724A4F6C700B72895 /* HumblrUITests.xctest */ = {isa = PBXFileReference; explicitFileType = wrapper.cfbundle; includeInIndex = 0; path = HumblrUITests.xctest; sourceTree = BUILT_PRODUCTS_DIR; };
		D4BCF09B24A4F6C700B72895 /* HumblrUITests.m */ = {isa = PBXFileReference; lastKnownFileType = sourcecode.c.objc; path = HumblrUITests.m; sourceTree = "<group>"; };
		D4BCF09D24A4F6C700B72895 /* Info.plist */ = {isa = PBXFileReference; lastKnownFileType = text.plist.xml; path = Info.plist; sourceTree = "<group>"; };
		D4BCF0AA24A4F85F00B72895 /* PhotosViewController.h */ = {isa = PBXFileReference; lastKnownFileType = sourcecode.c.h; path = PhotosViewController.h; sourceTree = "<group>"; };
		D4BCF0AB24A4F85F00B72895 /* PhotosViewController.m */ = {isa = PBXFileReference; lastKnownFileType = sourcecode.c.objc; path = PhotosViewController.m; sourceTree = "<group>"; };
		D4BCF0AD24A505EA00B72895 /* PhotoCell.h */ = {isa = PBXFileReference; lastKnownFileType = sourcecode.c.h; path = PhotoCell.h; sourceTree = "<group>"; };
		D4BCF0AE24A505EA00B72895 /* PhotoCell.m */ = {isa = PBXFileReference; lastKnownFileType = sourcecode.c.objc; path = PhotoCell.m; sourceTree = "<group>"; };
		E894ABCBF3E6E65EA33DDD34 /* Pods-Humblr-HumblrUITests.debug.xcconfig */ = {isa = PBXFileReference; includeInIndex = 1; lastKnownFileType = text.xcconfig; name = "Pods-Humblr-HumblrUITests.debug.xcconfig"; path = "Target Support Files/Pods-Humblr-HumblrUITests/Pods-Humblr-HumblrUITests.debug.xcconfig"; sourceTree = "<group>"; };
/* End PBXFileReference section */

/* Begin PBXFrameworksBuildPhase section */
		D4BCF06E24A4F6C600B72895 /* Frameworks */ = {
			isa = PBXFrameworksBuildPhase;
			buildActionMask = 2147483647;
			files = (
				B04CD8F3562081A243723216 /* Pods_Humblr.framework in Frameworks */,
			);
			runOnlyForDeploymentPostprocessing = 0;
		};
		D4BCF08924A4F6C700B72895 /* Frameworks */ = {
			isa = PBXFrameworksBuildPhase;
			buildActionMask = 2147483647;
			files = (
				A45358434FA1C9D33DD19504 /* Pods_HumblrTests.framework in Frameworks */,
			);
			runOnlyForDeploymentPostprocessing = 0;
		};
		D4BCF09424A4F6C700B72895 /* Frameworks */ = {
			isa = PBXFrameworksBuildPhase;
			buildActionMask = 2147483647;
			files = (
				257EEDB8AFF682B8B722F712 /* Pods_Humblr_HumblrUITests.framework in Frameworks */,
			);
			runOnlyForDeploymentPostprocessing = 0;
		};
/* End PBXFrameworksBuildPhase section */

/* Begin PBXGroup section */
		A7FBF04EFDCA8A71E3976D01 /* Pods */ = {
			isa = PBXGroup;
			children = (
				47F303A982584FDCA32E44FB /* Pods-Humblr.debug.xcconfig */,
				5F052571E22708EFB7463F17 /* Pods-Humblr.release.xcconfig */,
				E894ABCBF3E6E65EA33DDD34 /* Pods-Humblr-HumblrUITests.debug.xcconfig */,
				C4F8A9A3747F44E067463560 /* Pods-Humblr-HumblrUITests.release.xcconfig */,
				B9C65E52DE769F347D1E7741 /* Pods-HumblrTests.debug.xcconfig */,
				80A7C2271113B280198F66F5 /* Pods-HumblrTests.release.xcconfig */,
			);
			path = Pods;
			sourceTree = "<group>";
		};
		BAD3A06AECF024D52D3623C9 /* Frameworks */ = {
			isa = PBXGroup;
			children = (
				482FA4BD16ACEEDD345F1E1A /* Pods_Humblr.framework */,
				3EB801D445184D375B2EB8C7 /* Pods_Humblr_HumblrUITests.framework */,
				2F2452D57FEB2FC83DFA8C07 /* Pods_HumblrTests.framework */,
			);
			name = Frameworks;
			sourceTree = "<group>";
		};
		D4BCF06824A4F6C600B72895 = {
			isa = PBXGroup;
			children = (
				D4BCF07324A4F6C600B72895 /* Humblr */,
				D4BCF08F24A4F6C700B72895 /* HumblrTests */,
				D4BCF09A24A4F6C700B72895 /* HumblrUITests */,
				D4BCF07224A4F6C600B72895 /* Products */,
				A7FBF04EFDCA8A71E3976D01 /* Pods */,
				BAD3A06AECF024D52D3623C9 /* Frameworks */,
			);
			sourceTree = "<group>";
		};
		D4BCF07224A4F6C600B72895 /* Products */ = {
			isa = PBXGroup;
			children = (
				D4BCF07124A4F6C600B72895 /* Humblr.app */,
				D4BCF08C24A4F6C700B72895 /* HumblrTests.xctest */,
				D4BCF09724A4F6C700B72895 /* HumblrUITests.xctest */,
			);
			name = Products;
			sourceTree = "<group>";
		};
		D4BCF07324A4F6C600B72895 /* Humblr */ = {
			isa = PBXGroup;
			children = (
				D4BCF0A924A4F81E00B72895 /* View Controllers */,
				D4BCF07424A4F6C600B72895 /* AppDelegate.h */,
				D4BCF07524A4F6C600B72895 /* AppDelegate.m */,
				D4BCF07724A4F6C600B72895 /* SceneDelegate.h */,
				D4BCF07824A4F6C600B72895 /* SceneDelegate.m */,
				D4BCF07D24A4F6C600B72895 /* Main.storyboard */,
				D4BCF0AD24A505EA00B72895 /* PhotoCell.h */,
				D4BCF0AE24A505EA00B72895 /* PhotoCell.m */,
				D4BCF08024A4F6C700B72895 /* Assets.xcassets */,
				D4BCF08224A4F6C700B72895 /* LaunchScreen.storyboard */,
				D4BCF08524A4F6C700B72895 /* Info.plist */,
				D4BCF08624A4F6C700B72895 /* main.m */,
			);
			path = Humblr;
			sourceTree = "<group>";
		};
		D4BCF08F24A4F6C700B72895 /* HumblrTests */ = {
			isa = PBXGroup;
			children = (
				D4BCF09024A4F6C700B72895 /* HumblrTests.m */,
				D4BCF09224A4F6C700B72895 /* Info.plist */,
			);
			path = HumblrTests;
			sourceTree = "<group>";
		};
		D4BCF09A24A4F6C700B72895 /* HumblrUITests */ = {
			isa = PBXGroup;
			children = (
				D4BCF09B24A4F6C700B72895 /* HumblrUITests.m */,
				D4BCF09D24A4F6C700B72895 /* Info.plist */,
			);
			path = HumblrUITests;
			sourceTree = "<group>";
		};
		D4BCF0A924A4F81E00B72895 /* View Controllers */ = {
			isa = PBXGroup;
			children = (
				D4BCF0AA24A4F85F00B72895 /* PhotosViewController.h */,
				D4BCF0AB24A4F85F00B72895 /* PhotosViewController.m */,
			);
			path = "View Controllers";
			sourceTree = "<group>";
		};
/* End PBXGroup section */

/* Begin PBXNativeTarget section */
		D4BCF07024A4F6C600B72895 /* Humblr */ = {
			isa = PBXNativeTarget;
			buildConfigurationList = D4BCF0A024A4F6C700B72895 /* Build configuration list for PBXNativeTarget "Humblr" */;
			buildPhases = (
				EE67D3B4E54C34E55598BE47 /* [CP] Check Pods Manifest.lock */,
				D4BCF06D24A4F6C600B72895 /* Sources */,
				D4BCF06E24A4F6C600B72895 /* Frameworks */,
				D4BCF06F24A4F6C600B72895 /* Resources */,
				05BCAAFE64B60960FABE1048 /* [CP] Embed Pods Frameworks */,
			);
			buildRules = (
			);
			dependencies = (
			);
			name = Humblr;
			productName = Humblr;
			productReference = D4BCF07124A4F6C600B72895 /* Humblr.app */;
			productType = "com.apple.product-type.application";
		};
		D4BCF08B24A4F6C700B72895 /* HumblrTests */ = {
			isa = PBXNativeTarget;
			buildConfigurationList = D4BCF0A324A4F6C700B72895 /* Build configuration list for PBXNativeTarget "HumblrTests" */;
			buildPhases = (
				EADBCF965181FAC1AB8A6839 /* [CP] Check Pods Manifest.lock */,
				D4BCF08824A4F6C700B72895 /* Sources */,
				D4BCF08924A4F6C700B72895 /* Frameworks */,
				D4BCF08A24A4F6C700B72895 /* Resources */,
			);
			buildRules = (
			);
			dependencies = (
				D4BCF08E24A4F6C700B72895 /* PBXTargetDependency */,
			);
			name = HumblrTests;
			productName = HumblrTests;
			productReference = D4BCF08C24A4F6C700B72895 /* HumblrTests.xctest */;
			productType = "com.apple.product-type.bundle.unit-test";
		};
		D4BCF09624A4F6C700B72895 /* HumblrUITests */ = {
			isa = PBXNativeTarget;
			buildConfigurationList = D4BCF0A624A4F6C700B72895 /* Build configuration list for PBXNativeTarget "HumblrUITests" */;
			buildPhases = (
				B1977F60CF736DACD7758590 /* [CP] Check Pods Manifest.lock */,
				D4BCF09324A4F6C700B72895 /* Sources */,
				D4BCF09424A4F6C700B72895 /* Frameworks */,
				D4BCF09524A4F6C700B72895 /* Resources */,
				8E14AD9D845F71ADFC7C64B4 /* [CP] Embed Pods Frameworks */,
			);
			buildRules = (
			);
			dependencies = (
				D4BCF09924A4F6C700B72895 /* PBXTargetDependency */,
			);
			name = HumblrUITests;
			productName = HumblrUITests;
			productReference = D4BCF09724A4F6C700B72895 /* HumblrUITests.xctest */;
			productType = "com.apple.product-type.bundle.ui-testing";
		};
/* End PBXNativeTarget section */

/* Begin PBXProject section */
		D4BCF06924A4F6C600B72895 /* Project object */ = {
			isa = PBXProject;
			attributes = {
				LastUpgradeCheck = 1150;
				ORGANIZATIONNAME = mercycat;
				TargetAttributes = {
					D4BCF07024A4F6C600B72895 = {
						CreatedOnToolsVersion = 11.5;
					};
					D4BCF08B24A4F6C700B72895 = {
						CreatedOnToolsVersion = 11.5;
						TestTargetID = D4BCF07024A4F6C600B72895;
					};
					D4BCF09624A4F6C700B72895 = {
						CreatedOnToolsVersion = 11.5;
						TestTargetID = D4BCF07024A4F6C600B72895;
					};
				};
			};
			buildConfigurationList = D4BCF06C24A4F6C600B72895 /* Build configuration list for PBXProject "Humblr" */;
			compatibilityVersion = "Xcode 9.3";
			developmentRegion = en;
			hasScannedForEncodings = 0;
			knownRegions = (
				en,
				Base,
			);
			mainGroup = D4BCF06824A4F6C600B72895;
			productRefGroup = D4BCF07224A4F6C600B72895 /* Products */;
			projectDirPath = "";
			projectRoot = "";
			targets = (
				D4BCF07024A4F6C600B72895 /* Humblr */,
				D4BCF08B24A4F6C700B72895 /* HumblrTests */,
				D4BCF09624A4F6C700B72895 /* HumblrUITests */,
			);
		};
/* End PBXProject section */

/* Begin PBXResourcesBuildPhase section */
		D4BCF06F24A4F6C600B72895 /* Resources */ = {
			isa = PBXResourcesBuildPhase;
			buildActionMask = 2147483647;
			files = (
				D4BCF08424A4F6C700B72895 /* LaunchScreen.storyboard in Resources */,
				D4BCF08124A4F6C700B72895 /* Assets.xcassets in Resources */,
				D4BCF07F24A4F6C600B72895 /* Main.storyboard in Resources */,
			);
			runOnlyForDeploymentPostprocessing = 0;
		};
		D4BCF08A24A4F6C700B72895 /* Resources */ = {
			isa = PBXResourcesBuildPhase;
			buildActionMask = 2147483647;
			files = (
			);
			runOnlyForDeploymentPostprocessing = 0;
		};
		D4BCF09524A4F6C700B72895 /* Resources */ = {
			isa = PBXResourcesBuildPhase;
			buildActionMask = 2147483647;
			files = (
			);
			runOnlyForDeploymentPostprocessing = 0;
		};
/* End PBXResourcesBuildPhase section */

/* Begin PBXShellScriptBuildPhase section */
		05BCAAFE64B60960FABE1048 /* [CP] Embed Pods Frameworks */ = {
			isa = PBXShellScriptBuildPhase;
			buildActionMask = 2147483647;
			files = (
			);
			inputFileListPaths = (
				"${PODS_ROOT}/Target Support Files/Pods-Humblr/Pods-Humblr-frameworks-${CONFIGURATION}-input-files.xcfilelist",
			);
			name = "[CP] Embed Pods Frameworks";
			outputFileListPaths = (
				"${PODS_ROOT}/Target Support Files/Pods-Humblr/Pods-Humblr-frameworks-${CONFIGURATION}-output-files.xcfilelist",
			);
			runOnlyForDeploymentPostprocessing = 0;
			shellPath = /bin/sh;
			shellScript = "\"${PODS_ROOT}/Target Support Files/Pods-Humblr/Pods-Humblr-frameworks.sh\"\n";
			showEnvVarsInLog = 0;
		};
		8E14AD9D845F71ADFC7C64B4 /* [CP] Embed Pods Frameworks */ = {
			isa = PBXShellScriptBuildPhase;
			buildActionMask = 2147483647;
			files = (
			);
			inputFileListPaths = (
				"${PODS_ROOT}/Target Support Files/Pods-Humblr-HumblrUITests/Pods-Humblr-HumblrUITests-frameworks-${CONFIGURATION}-input-files.xcfilelist",
			);
			name = "[CP] Embed Pods Frameworks";
			outputFileListPaths = (
				"${PODS_ROOT}/Target Support Files/Pods-Humblr-HumblrUITests/Pods-Humblr-HumblrUITests-frameworks-${CONFIGURATION}-output-files.xcfilelist",
			);
			runOnlyForDeploymentPostprocessing = 0;
			shellPath = /bin/sh;
			shellScript = "\"${PODS_ROOT}/Target Support Files/Pods-Humblr-HumblrUITests/Pods-Humblr-HumblrUITests-frameworks.sh\"\n";
			showEnvVarsInLog = 0;
		};
		B1977F60CF736DACD7758590 /* [CP] Check Pods Manifest.lock */ = {
			isa = PBXShellScriptBuildPhase;
			buildActionMask = 2147483647;
			files = (
			);
			inputFileListPaths = (
			);
			inputPaths = (
				"${PODS_PODFILE_DIR_PATH}/Podfile.lock",
				"${PODS_ROOT}/Manifest.lock",
			);
			name = "[CP] Check Pods Manifest.lock";
			outputFileListPaths = (
			);
			outputPaths = (
				"$(DERIVED_FILE_DIR)/Pods-Humblr-HumblrUITests-checkManifestLockResult.txt",
			);
			runOnlyForDeploymentPostprocessing = 0;
			shellPath = /bin/sh;
			shellScript = "diff \"${PODS_PODFILE_DIR_PATH}/Podfile.lock\" \"${PODS_ROOT}/Manifest.lock\" > /dev/null\nif [ $? != 0 ] ; then\n    # print error to STDERR\n    echo \"error: The sandbox is not in sync with the Podfile.lock. Run 'pod install' or update your CocoaPods installation.\" >&2\n    exit 1\nfi\n# This output is used by Xcode 'outputs' to avoid re-running this script phase.\necho \"SUCCESS\" > \"${SCRIPT_OUTPUT_FILE_0}\"\n";
			showEnvVarsInLog = 0;
		};
		EADBCF965181FAC1AB8A6839 /* [CP] Check Pods Manifest.lock */ = {
			isa = PBXShellScriptBuildPhase;
			buildActionMask = 2147483647;
			files = (
			);
			inputFileListPaths = (
			);
			inputPaths = (
				"${PODS_PODFILE_DIR_PATH}/Podfile.lock",
				"${PODS_ROOT}/Manifest.lock",
			);
			name = "[CP] Check Pods Manifest.lock";
			outputFileListPaths = (
			);
			outputPaths = (
				"$(DERIVED_FILE_DIR)/Pods-HumblrTests-checkManifestLockResult.txt",
			);
			runOnlyForDeploymentPostprocessing = 0;
			shellPath = /bin/sh;
			shellScript = "diff \"${PODS_PODFILE_DIR_PATH}/Podfile.lock\" \"${PODS_ROOT}/Manifest.lock\" > /dev/null\nif [ $? != 0 ] ; then\n    # print error to STDERR\n    echo \"error: The sandbox is not in sync with the Podfile.lock. Run 'pod install' or update your CocoaPods installation.\" >&2\n    exit 1\nfi\n# This output is used by Xcode 'outputs' to avoid re-running this script phase.\necho \"SUCCESS\" > \"${SCRIPT_OUTPUT_FILE_0}\"\n";
			showEnvVarsInLog = 0;
		};
		EE67D3B4E54C34E55598BE47 /* [CP] Check Pods Manifest.lock */ = {
			isa = PBXShellScriptBuildPhase;
			buildActionMask = 2147483647;
			files = (
			);
			inputFileListPaths = (
			);
			inputPaths = (
				"${PODS_PODFILE_DIR_PATH}/Podfile.lock",
				"${PODS_ROOT}/Manifest.lock",
			);
			name = "[CP] Check Pods Manifest.lock";
			outputFileListPaths = (
			);
			outputPaths = (
				"$(DERIVED_FILE_DIR)/Pods-Humblr-checkManifestLockResult.txt",
			);
			runOnlyForDeploymentPostprocessing = 0;
			shellPath = /bin/sh;
			shellScript = "diff \"${PODS_PODFILE_DIR_PATH}/Podfile.lock\" \"${PODS_ROOT}/Manifest.lock\" > /dev/null\nif [ $? != 0 ] ; then\n    # print error to STDERR\n    echo \"error: The sandbox is not in sync with the Podfile.lock. Run 'pod install' or update your CocoaPods installation.\" >&2\n    exit 1\nfi\n# This output is used by Xcode 'outputs' to avoid re-running this script phase.\necho \"SUCCESS\" > \"${SCRIPT_OUTPUT_FILE_0}\"\n";
			showEnvVarsInLog = 0;
		};
/* End PBXShellScriptBuildPhase section */

/* Begin PBXSourcesBuildPhase section */
		D4BCF06D24A4F6C600B72895 /* Sources */ = {
			isa = PBXSourcesBuildPhase;
			buildActionMask = 2147483647;
			files = (
				D4BCF07624A4F6C600B72895 /* AppDelegate.m in Sources */,
				D4BCF0AF24A505EA00B72895 /* PhotoCell.m in Sources */,
				D4BCF08724A4F6C700B72895 /* main.m in Sources */,
				D4BCF0AC24A4F85F00B72895 /* PhotosViewController.m in Sources */,
				D4BCF07924A4F6C600B72895 /* SceneDelegate.m in Sources */,
			);
			runOnlyForDeploymentPostprocessing = 0;
		};
		D4BCF08824A4F6C700B72895 /* Sources */ = {
			isa = PBXSourcesBuildPhase;
			buildActionMask = 2147483647;
			files = (
				D4BCF09124A4F6C700B72895 /* HumblrTests.m in Sources */,
			);
			runOnlyForDeploymentPostprocessing = 0;
		};
		D4BCF09324A4F6C700B72895 /* Sources */ = {
			isa = PBXSourcesBuildPhase;
			buildActionMask = 2147483647;
			files = (
				D4BCF09C24A4F6C700B72895 /* HumblrUITests.m in Sources */,
			);
			runOnlyForDeploymentPostprocessing = 0;
		};
/* End PBXSourcesBuildPhase section */

/* Begin PBXTargetDependency section */
		D4BCF08E24A4F6C700B72895 /* PBXTargetDependency */ = {
			isa = PBXTargetDependency;
			target = D4BCF07024A4F6C600B72895 /* Humblr */;
			targetProxy = D4BCF08D24A4F6C700B72895 /* PBXContainerItemProxy */;
		};
		D4BCF09924A4F6C700B72895 /* PBXTargetDependency */ = {
			isa = PBXTargetDependency;
			target = D4BCF07024A4F6C600B72895 /* Humblr */;
			targetProxy = D4BCF09824A4F6C700B72895 /* PBXContainerItemProxy */;
		};
/* End PBXTargetDependency section */

/* Begin PBXVariantGroup section */
		D4BCF07D24A4F6C600B72895 /* Main.storyboard */ = {
			isa = PBXVariantGroup;
			children = (
				D4BCF07E24A4F6C600B72895 /* Base */,
			);
			name = Main.storyboard;
			sourceTree = "<group>";
		};
		D4BCF08224A4F6C700B72895 /* LaunchScreen.storyboard */ = {
			isa = PBXVariantGroup;
			children = (
				D4BCF08324A4F6C700B72895 /* Base */,
			);
			name = LaunchScreen.storyboard;
			sourceTree = "<group>";
		};
/* End PBXVariantGroup section */

/* Begin XCBuildConfiguration section */
		D4BCF09E24A4F6C700B72895 /* Debug */ = {
			isa = XCBuildConfiguration;
			buildSettings = {
				ALWAYS_SEARCH_USER_PATHS = NO;
				CLANG_ANALYZER_NONNULL = YES;
				CLANG_ANALYZER_NUMBER_OBJECT_CONVERSION = YES_AGGRESSIVE;
				CLANG_CXX_LANGUAGE_STANDARD = "gnu++14";
				CLANG_CXX_LIBRARY = "libc++";
				CLANG_ENABLE_MODULES = YES;
				CLANG_ENABLE_OBJC_ARC = YES;
				CLANG_ENABLE_OBJC_WEAK = YES;
				CLANG_WARN_BLOCK_CAPTURE_AUTORELEASING = YES;
				CLANG_WARN_BOOL_CONVERSION = YES;
				CLANG_WARN_COMMA = YES;
				CLANG_WARN_CONSTANT_CONVERSION = YES;
				CLANG_WARN_DEPRECATED_OBJC_IMPLEMENTATIONS = YES;
				CLANG_WARN_DIRECT_OBJC_ISA_USAGE = YES_ERROR;
				CLANG_WARN_DOCUMENTATION_COMMENTS = YES;
				CLANG_WARN_EMPTY_BODY = YES;
				CLANG_WARN_ENUM_CONVERSION = YES;
				CLANG_WARN_INFINITE_RECURSION = YES;
				CLANG_WARN_INT_CONVERSION = YES;
				CLANG_WARN_NON_LITERAL_NULL_CONVERSION = YES;
				CLANG_WARN_OBJC_IMPLICIT_RETAIN_SELF = YES;
				CLANG_WARN_OBJC_LITERAL_CONVERSION = YES;
				CLANG_WARN_OBJC_ROOT_CLASS = YES_ERROR;
				CLANG_WARN_RANGE_LOOP_ANALYSIS = YES;
				CLANG_WARN_STRICT_PROTOTYPES = YES;
				CLANG_WARN_SUSPICIOUS_MOVE = YES;
				CLANG_WARN_UNGUARDED_AVAILABILITY = YES_AGGRESSIVE;
				CLANG_WARN_UNREACHABLE_CODE = YES;
				CLANG_WARN__DUPLICATE_METHOD_MATCH = YES;
				COPY_PHASE_STRIP = NO;
				DEBUG_INFORMATION_FORMAT = dwarf;
				ENABLE_STRICT_OBJC_MSGSEND = YES;
				ENABLE_TESTABILITY = YES;
				GCC_C_LANGUAGE_STANDARD = gnu11;
				GCC_DYNAMIC_NO_PIC = NO;
				GCC_NO_COMMON_BLOCKS = YES;
				GCC_OPTIMIZATION_LEVEL = 0;
				GCC_PREPROCESSOR_DEFINITIONS = (
					"DEBUG=1",
					"$(inherited)",
				);
				GCC_WARN_64_TO_32_BIT_CONVERSION = YES;
				GCC_WARN_ABOUT_RETURN_TYPE = YES_ERROR;
				GCC_WARN_UNDECLARED_SELECTOR = YES;
				GCC_WARN_UNINITIALIZED_AUTOS = YES_AGGRESSIVE;
				GCC_WARN_UNUSED_FUNCTION = YES;
				GCC_WARN_UNUSED_VARIABLE = YES;
				IPHONEOS_DEPLOYMENT_TARGET = 13.5;
				MTL_ENABLE_DEBUG_INFO = INCLUDE_SOURCE;
				MTL_FAST_MATH = YES;
				ONLY_ACTIVE_ARCH = YES;
				SDKROOT = iphoneos;
			};
			name = Debug;
		};
		D4BCF09F24A4F6C700B72895 /* Release */ = {
			isa = XCBuildConfiguration;
			buildSettings = {
				ALWAYS_SEARCH_USER_PATHS = NO;
				CLANG_ANALYZER_NONNULL = YES;
				CLANG_ANALYZER_NUMBER_OBJECT_CONVERSION = YES_AGGRESSIVE;
				CLANG_CXX_LANGUAGE_STANDARD = "gnu++14";
				CLANG_CXX_LIBRARY = "libc++";
				CLANG_ENABLE_MODULES = YES;
				CLANG_ENABLE_OBJC_ARC = YES;
				CLANG_ENABLE_OBJC_WEAK = YES;
				CLANG_WARN_BLOCK_CAPTURE_AUTORELEASING = YES;
				CLANG_WARN_BOOL_CONVERSION = YES;
				CLANG_WARN_COMMA = YES;
				CLANG_WARN_CONSTANT_CONVERSION = YES;
				CLANG_WARN_DEPRECATED_OBJC_IMPLEMENTATIONS = YES;
				CLANG_WARN_DIRECT_OBJC_ISA_USAGE = YES_ERROR;
				CLANG_WARN_DOCUMENTATION_COMMENTS = YES;
				CLANG_WARN_EMPTY_BODY = YES;
				CLANG_WARN_ENUM_CONVERSION = YES;
				CLANG_WARN_INFINITE_RECURSION = YES;
				CLANG_WARN_INT_CONVERSION = YES;
				CLANG_WARN_NON_LITERAL_NULL_CONVERSION = YES;
				CLANG_WARN_OBJC_IMPLICIT_RETAIN_SELF = YES;
				CLANG_WARN_OBJC_LITERAL_CONVERSION = YES;
				CLANG_WARN_OBJC_ROOT_CLASS = YES_ERROR;
				CLANG_WARN_RANGE_LOOP_ANALYSIS = YES;
				CLANG_WARN_STRICT_PROTOTYPES = YES;
				CLANG_WARN_SUSPICIOUS_MOVE = YES;
				CLANG_WARN_UNGUARDED_AVAILABILITY = YES_AGGRESSIVE;
				CLANG_WARN_UNREACHABLE_CODE = YES;
				CLANG_WARN__DUPLICATE_METHOD_MATCH = YES;
				COPY_PHASE_STRIP = NO;
				DEBUG_INFORMATION_FORMAT = "dwarf-with-dsym";
				ENABLE_NS_ASSERTIONS = NO;
				ENABLE_STRICT_OBJC_MSGSEND = YES;
				GCC_C_LANGUAGE_STANDARD = gnu11;
				GCC_NO_COMMON_BLOCKS = YES;
				GCC_WARN_64_TO_32_BIT_CONVERSION = YES;
				GCC_WARN_ABOUT_RETURN_TYPE = YES_ERROR;
				GCC_WARN_UNDECLARED_SELECTOR = YES;
				GCC_WARN_UNINITIALIZED_AUTOS = YES_AGGRESSIVE;
				GCC_WARN_UNUSED_FUNCTION = YES;
				GCC_WARN_UNUSED_VARIABLE = YES;
				IPHONEOS_DEPLOYMENT_TARGET = 13.5;
				MTL_ENABLE_DEBUG_INFO = NO;
				MTL_FAST_MATH = YES;
				SDKROOT = iphoneos;
				VALIDATE_PRODUCT = YES;
			};
			name = Release;
		};
		D4BCF0A124A4F6C700B72895 /* Debug */ = {
			isa = XCBuildConfiguration;
			baseConfigurationReference = 47F303A982584FDCA32E44FB /* Pods-Humblr.debug.xcconfig */;
			buildSettings = {
				ASSETCATALOG_COMPILER_APPICON_NAME = AppIcon;
				CODE_SIGN_STYLE = Automatic;
				DEVELOPMENT_TEAM = 7ZHC9LK6JK;
				INFOPLIST_FILE = Humblr/Info.plist;
				LD_RUNPATH_SEARCH_PATHS = (
					"$(inherited)",
					"@executable_path/Frameworks",
				);
				PRODUCT_BUNDLE_IDENTIFIER = com.mercycat.Humblr;
				PRODUCT_NAME = "$(TARGET_NAME)";
				TARGETED_DEVICE_FAMILY = "1,2";
			};
			name = Debug;
		};
		D4BCF0A224A4F6C700B72895 /* Release */ = {
			isa = XCBuildConfiguration;
			baseConfigurationReference = 5F052571E22708EFB7463F17 /* Pods-Humblr.release.xcconfig */;
			buildSettings = {
				ASSETCATALOG_COMPILER_APPICON_NAME = AppIcon;
				CODE_SIGN_STYLE = Automatic;
				DEVELOPMENT_TEAM = 7ZHC9LK6JK;
				INFOPLIST_FILE = Humblr/Info.plist;
				LD_RUNPATH_SEARCH_PATHS = (
					"$(inherited)",
					"@executable_path/Frameworks",
				);
				PRODUCT_BUNDLE_IDENTIFIER = com.mercycat.Humblr;
				PRODUCT_NAME = "$(TARGET_NAME)";
				TARGETED_DEVICE_FAMILY = "1,2";
			};
			name = Release;
		};
		D4BCF0A424A4F6C700B72895 /* Debug */ = {
			isa = XCBuildConfiguration;
			baseConfigurationReference = B9C65E52DE769F347D1E7741 /* Pods-HumblrTests.debug.xcconfig */;
			buildSettings = {
				BUNDLE_LOADER = "$(TEST_HOST)";
				CODE_SIGN_STYLE = Automatic;
				DEVELOPMENT_TEAM = 7ZHC9LK6JK;
				INFOPLIST_FILE = HumblrTests/Info.plist;
				IPHONEOS_DEPLOYMENT_TARGET = 13.5;
				LD_RUNPATH_SEARCH_PATHS = (
					"$(inherited)",
					"@executable_path/Frameworks",
					"@loader_path/Frameworks",
				);
				PRODUCT_BUNDLE_IDENTIFIER = com.mercycat.HumblrTests;
				PRODUCT_NAME = "$(TARGET_NAME)";
				TARGETED_DEVICE_FAMILY = "1,2";
				TEST_HOST = "$(BUILT_PRODUCTS_DIR)/Humblr.app/Humblr";
			};
			name = Debug;
		};
		D4BCF0A524A4F6C700B72895 /* Release */ = {
			isa = XCBuildConfiguration;
			baseConfigurationReference = 80A7C2271113B280198F66F5 /* Pods-HumblrTests.release.xcconfig */;
			buildSettings = {
				BUNDLE_LOADER = "$(TEST_HOST)";
				CODE_SIGN_STYLE = Automatic;
				DEVELOPMENT_TEAM = 7ZHC9LK6JK;
				INFOPLIST_FILE = HumblrTests/Info.plist;
				IPHONEOS_DEPLOYMENT_TARGET = 13.5;
				LD_RUNPATH_SEARCH_PATHS = (
					"$(inherited)",
					"@executable_path/Frameworks",
					"@loader_path/Frameworks",
				);
				PRODUCT_BUNDLE_IDENTIFIER = com.mercycat.HumblrTests;
				PRODUCT_NAME = "$(TARGET_NAME)";
				TARGETED_DEVICE_FAMILY = "1,2";
				TEST_HOST = "$(BUILT_PRODUCTS_DIR)/Humblr.app/Humblr";
			};
			name = Release;
		};
		D4BCF0A724A4F6C700B72895 /* Debug */ = {
			isa = XCBuildConfiguration;
			baseConfigurationReference = E894ABCBF3E6E65EA33DDD34 /* Pods-Humblr-HumblrUITests.debug.xcconfig */;
			buildSettings = {
				CODE_SIGN_STYLE = Automatic;
				DEVELOPMENT_TEAM = 7ZHC9LK6JK;
				INFOPLIST_FILE = HumblrUITests/Info.plist;
				LD_RUNPATH_SEARCH_PATHS = (
					"$(inherited)",
					"@executable_path/Frameworks",
					"@loader_path/Frameworks",
				);
				PRODUCT_BUNDLE_IDENTIFIER = com.mercycat.HumblrUITests;
				PRODUCT_NAME = "$(TARGET_NAME)";
				TARGETED_DEVICE_FAMILY = "1,2";
				TEST_TARGET_NAME = Humblr;
			};
			name = Debug;
		};
		D4BCF0A824A4F6C700B72895 /* Release */ = {
			isa = XCBuildConfiguration;
			baseConfigurationReference = C4F8A9A3747F44E067463560 /* Pods-Humblr-HumblrUITests.release.xcconfig */;
			buildSettings = {
				CODE_SIGN_STYLE = Automatic;
				DEVELOPMENT_TEAM = 7ZHC9LK6JK;
				INFOPLIST_FILE = HumblrUITests/Info.plist;
				LD_RUNPATH_SEARCH_PATHS = (
					"$(inherited)",
					"@executable_path/Frameworks",
					"@loader_path/Frameworks",
				);
				PRODUCT_BUNDLE_IDENTIFIER = com.mercycat.HumblrUITests;
				PRODUCT_NAME = "$(TARGET_NAME)";
				TARGETED_DEVICE_FAMILY = "1,2";
				TEST_TARGET_NAME = Humblr;
			};
			name = Release;
		};
/* End XCBuildConfiguration section */

/* Begin XCConfigurationList section */
		D4BCF06C24A4F6C600B72895 /* Build configuration list for PBXProject "Humblr" */ = {
			isa = XCConfigurationList;
			buildConfigurations = (
				D4BCF09E24A4F6C700B72895 /* Debug */,
				D4BCF09F24A4F6C700B72895 /* Release */,
			);
			defaultConfigurationIsVisible = 0;
			defaultConfigurationName = Release;
		};
		D4BCF0A024A4F6C700B72895 /* Build configuration list for PBXNativeTarget "Humblr" */ = {
			isa = XCConfigurationList;
			buildConfigurations = (
				D4BCF0A124A4F6C700B72895 /* Debug */,
				D4BCF0A224A4F6C700B72895 /* Release */,
			);
			defaultConfigurationIsVisible = 0;
			defaultConfigurationName = Release;
		};
		D4BCF0A324A4F6C700B72895 /* Build configuration list for PBXNativeTarget "HumblrTests" */ = {
			isa = XCConfigurationList;
			buildConfigurations = (
				D4BCF0A424A4F6C700B72895 /* Debug */,
				D4BCF0A524A4F6C700B72895 /* Release */,
			);
			defaultConfigurationIsVisible = 0;
			defaultConfigurationName = Release;
		};
		D4BCF0A624A4F6C700B72895 /* Build configuration list for PBXNativeTarget "HumblrUITests" */ = {
			isa = XCConfigurationList;
			buildConfigurations = (
				D4BCF0A724A4F6C700B72895 /* Debug */,
				D4BCF0A824A4F6C700B72895 /* Release */,
			);
			defaultConfigurationIsVisible = 0;
			defaultConfigurationName = Release;
		};
/* End XCConfigurationList section */
	};
	rootObject = D4BCF06924A4F6C600B72895 /* Project object */;
}
